
Microsoft Visual Studio Solution File, Format Version 12.00
# Visual Studio Version 17
VisualStudioVersion = 17.12.35506.116 d17.12
MinimumVisualStudioVersion = 10.0.40219.1
Project("{9A19103F-16F7-4668-BE54-9A1E7A4F7556}") = "FlowerShop.API", "FlowerShop\FlowerShop.API.csproj", "{09C35735-890A-4B96-BAB6-C9366237D755}"
EndProject
Project("{9A19103F-16F7-4668-BE54-9A1E7A4F7556}") = "FlowerShop.DataAccess", "FlowerShop.DataAccess\FlowerShop.DataAccess.csproj", "{403EA59B-B5D2-4E0F-8057-8075C5662164}"
EndProject
Project("{FAE04EC0-301F-11D3-BF4B-00C04F79EFBC}") = "FlowerShop.ApplicationServices", "FlowerShop.ApplicationServices\FlowerShop.ApplicationServices.csproj", "{AD262BDC-7C59-439F-9157-4F18FFE1D8E7}"
EndProject
Global
	GlobalSection(SolutionConfigurationPlatforms) = preSolution
		Debug|Any CPU = Debug|Any CPU
		Release|Any CPU = Release|Any CPU
	EndGlobalSection
	GlobalSection(ProjectConfigurationPlatforms) = postSolution
		{09C35735-890A-4B96-BAB6-C9366237D755}.Debug|Any CPU.ActiveCfg = Debug|Any CPU
		{09C35735-890A-4B96-BAB6-C9366237D755}.Debug|Any CPU.Build.0 = Debug|Any CPU
		{09C35735-890A-4B96-BAB6-C9366237D755}.Release|Any CPU.ActiveCfg = Release|Any CPU
		{09C35735-890A-4B96-BAB6-C9366237D755}.Release|Any CPU.Build.0 = Release|Any CPU
		{403EA59B-B5D2-4E0F-8057-8075C5662164}.Debug|Any CPU.ActiveCfg = Debug|Any CPU
		{403EA59B-B5D2-4E0F-8057-8075C5662164}.Debug|Any CPU.Build.0 = Debug|Any CPU
		{403EA59B-B5D2-4E0F-8057-8075C5662164}.Release|Any CPU.ActiveCfg = Release|Any CPU
		{403EA59B-B5D2-4E0F-8057-8075C5662164}.Release|Any CPU.Build.0 = Release|Any CPU
		{AD262BDC-7C59-439F-9157-4F18FFE1D8E7}.Debug|Any CPU.ActiveCfg = Debug|Any CPU
		{AD262BDC-7C59-439F-9157-4F18FFE1D8E7}.Debug|Any CPU.Build.0 = Debug|Any CPU
		{AD262BDC-7C59-439F-9157-4F18FFE1D8E7}.Release|Any CPU.ActiveCfg = Release|Any CPU
		{AD262BDC-7C59-439F-9157-4F18FFE1D8E7}.Release|Any CPU.Build.0 = Release|Any CPU
	EndGlobalSection
	GlobalSection(SolutionProperties) = preSolution
		HideSolutionNode = FALSE
	EndGlobalSection
	GlobalSection(ExtensibilityGlobals) = postSolution
		SolutionGuid = {33782265-4DF0-4BE6-B59B-BE08710ECC3B}
	EndGlobalSection
EndGlobal
